{
  "name": "foo",
  "version": "0.0.1",
  "lockfileVersion": 1,
  "requires": true,
  "dependencies": {
    "as-number": {
      "version": "1.0.0",
      "resolved": "https://registry.npmjs.org/as-number/-/as-number-1.0.0.tgz",
      "integrity": "sha1-rLJ+NPj52KsNqeN287iVmGD4CmY="
    },
    "bezier": {
      "version": "0.1.0",
      "resolved": "https://registry.npmjs.org/bezier/-/bezier-0.1.0.tgz",
      "integrity": "sha1-+tFDUCsh43ijGB/+ULqsl60kkJ4="
    },
    "bindings": {
      "version": "1.3.0",
      "resolved": "https://registry.npmjs.org/bindings/-/bindings-1.3.0.tgz",
      "integrity": "sha512-DpLh5EzMR2kzvX1KIlVC0VkC3iZtHKTgdtZ0a3pglBZdaQFjt5S9g9xd1lE+YvXyfd6mtCeRnrUfOLYiTMlNSw=="
    },
    "canvas-fontstyle": {
      "version": "1.0.1",
      "resolved": "https://registry.npmjs.org/canvas-fontstyle/-/canvas-fontstyle-1.0.1.tgz",
      "integrity": "sha1-A2z9sqRgrMIrXxUVsA+bLrM3m/E=",
      "requires": {
        "lru-cache": "4.1.1"
      }
    },
    "color-convert": {
      "version": "0.5.3",
      "resolved": "https://registry.npmjs.org/color-convert/-/color-convert-0.5.3.tgz",
      "integrity": "sha1-vbbGnOZg+t/+CwAHzER+G59ygr0="
    },
    "es6-promise": {
      "version": "3.3.1",
      "resolved": "https://registry.npmjs.org/es6-promise/-/es6-promise-3.3.1.tgz",
      "integrity": "sha1-oIzd6EzNvzTQJ6FFG8kdS80ophM="
    },
    "extrude-polyline": {
      "version": "1.0.6",
      "resolved": "https://registry.npmjs.org/extrude-polyline/-/extrude-polyline-1.0.6.tgz",
      "integrity": "sha1-fmr+HzSaQYL6P2GgDZOXm5XxiyA=",
      "requires": {
        "as-number": "1.0.0",
        "gl-vec2": "1.0.0",
        "polyline-miter-util": "1.0.1"
      }
    },
    "font-manager": {
      "version": "0.2.2",
      "resolved": "https://registry.npmjs.org/font-manager/-/font-manager-0.2.2.tgz",
      "integrity": "sha1-GKHFtux/keIqF8ccu6oOpOaOOkQ=",
      "requires": {
        "nan": "2.2.1"
      }
    },
    "freetype2": {
      "version": "0.3.1",
      "resolved": "https://registry.npmjs.org/freetype2/-/freetype2-0.3.1.tgz",
      "integrity": "sha512-5J5D+OzItg0HWzmu+fkope3AvzMUITdC++rSPcdn6tt97cxS+XV645ieJ5yJwBqsBAMJZRC6/aj2okup+Snufg==",
      "requires": {
        "nan": "2.2.1"
      }
    },
    "gaussian-convolution-kernel": {
      "version": "1.0.0",
      "resolved": "https://registry.npmjs.org/gaussian-convolution-kernel/-/gaussian-convolution-kernel-1.0.0.tgz",
      "integrity": "sha1-qNakTYONjSGR71FYl/ftKrTjmXY="
    },
    "gl-vec2": {
      "version": "1.0.0",
      "resolved": "https://registry.npmjs.org/gl-vec2/-/gl-vec2-1.0.0.tgz",
      "integrity": "sha1-d/zmrpYShW1si2Ic0mHNgoG5xjc="
    },
    "keysym": {
      "version": "0.0.6",
      "resolved": "https://registry.npmjs.org/keysym/-/keysym-0.0.6.tgz",
      "integrity": "sha1-oXveP9J60i4ZqxvGZTOWpqfaa4c="
    },
    "lru-cache": {
      "version": "4.1.1",
      "resolved": "https://registry.npmjs.org/lru-cache/-/lru-cache-4.1.1.tgz",
      "integrity": "sha512-q4spe4KTfsAS1SUHLO0wz8Qiyf1+vMIAgpRYioFYDMNqKfHQbg+AVDH3i4fvpl71/P1L0dBl+fQi+P37UYf0ew==",
      "requires": {
        "pseudomap": "1.0.2",
        "yallist": "2.1.2"
      }
    },
    "nan": {
      "version": "2.2.1",
      "resolved": "https://registry.npmjs.org/nan/-/nan-2.2.1.tgz",
      "integrity": "sha1-1oaT9rNLtB1mvGizpPne/HnXFJs="
    },
    "ntk": {
      "version": "2.1.0",
      "resolved": "https://registry.npmjs.org/ntk/-/ntk-2.1.0.tgz",
      "integrity": "sha1-i/IyAO7FR7zDwsekxAmb15pAO2Y=",
      "requires": {
        "bezier": "0.1.0",
        "canvas-fontstyle": "1.0.1",
        "es6-promise": "3.3.1",
        "extrude-polyline": "1.0.6",
        "font-manager": "0.2.2",
        "freetype2": "0.3.1",
        "gaussian-convolution-kernel": "1.0.0",
        "keysym": "0.0.6",
        "parse-color": "1.0.0",
        "pnltri": "2.1.1",
        "weak": "1.0.1",
        "x11": "2.3.0"
      }
    },
    "os-homedir": {
      "version": "1.0.2",
      "resolved": "https://registry.npmjs.org/os-homedir/-/os-homedir-1.0.2.tgz",
      "integrity": "sha1-/7xJiDNuDoM94MFox+8VISGqf7M="
    },
    "parse-color": {
      "version": "1.0.0",
      "resolved": "https://registry.npmjs.org/parse-color/-/parse-color-1.0.0.tgz",
      "integrity": "sha1-e3SLlag/A/FqlPU15S1/PZRlhhk=",
      "requires": {
        "color-convert": "0.5.3"
      }
    },
    "pnltri": {
      "version": "2.1.1",
      "resolved": "https://registry.npmjs.org/pnltri/-/pnltri-2.1.1.tgz",
      "integrity": "sha1-OzkS7wScADaCWkpXT5A0C3U5avM="
    },
    "polyline-miter-util": {
      "version": "1.0.1",
      "resolved": "https://registry.npmjs.org/polyline-miter-util/-/polyline-miter-util-1.0.1.tgz",
      "integrity": "sha1-tpPyOJ6g3tNqa89ezS7OS2kX2Vc=",
      "requires": {
        "gl-vec2": "1.0.0"
      }
    },
    "pseudomap": {
      "version": "1.0.2",
      "resolved": "https://registry.npmjs.org/pseudomap/-/pseudomap-1.0.2.tgz",
      "integrity": "sha1-8FKijacOYYkX7wqKw0wa5aaChrM="
    },
    "weak": {
      "version": "1.0.1",
      "resolved": "https://registry.npmjs.org/weak/-/weak-1.0.1.tgz",
      "integrity": "sha1-q5mqswcGlZqgIAy4z1RbucszuZ4=",
      "requires": {
        "bindings": "1.3.0",
        "nan": "2.2.1"
      }
    },
    "x11": {
      "version": "2.3.0",
      "resolved": "https://registry.npmjs.org/x11/-/x11-2.3.0.tgz",
      "integrity": "sha1-vazO3M2sJIL9Vg8FEee/K9nh2/I=",
      "requires": {
        "os-homedir": "1.0.2"
      }
    },
    "yallist": {
      "version": "2.1.2",
      "resolved": "https://registry.npmjs.org/yallist/-/yallist-2.1.2.tgz",
      "integrity": "sha1-HBH5IY8HYImkfdUS+TxmmaaoHVI="
    }
  }
}
